
Microsoft Visual Studio Solution File, Format Version 12.00
# Visual Studio Version 17
VisualStudioVersion = 17.6.33712.159
MinimumVisualStudioVersion = 10.0.40219.1
Project("{FAE04EC0-301F-11D3-BF4B-00C04F79EFBC}") = "01_connected_mode", "01_connected_mode\01_connected_mode.csproj", "{EAF4FCD2-D1D2-4218-8773-3B763A04778F}"
EndProject
Global
	GlobalSection(SolutionConfigurationPlatforms) = preSolution
		Debug|Any CPU = Debug|Any CPU
		Release|Any CPU = Release|Any CPU
	EndGlobalSection
	GlobalSection(ProjectConfigurationPlatforms) = postSolution
		{EAF4FCD2-D1D2-4218-8773-3B763A04778F}.Debug|Any CPU.ActiveCfg = Debug|Any CPU
		{EAF4FCD2-D1D2-4218-8773-3B763A04778F}.Debug|Any CPU.Build.0 = Debug|Any CPU
		{EAF4FCD2-D1D2-4218-8773-3B763A04778F}.Release|Any CPU.ActiveCfg = Release|Any CPU
		{EAF4FCD2-D1D2-4218-8773-3B763A04778F}.Release|Any CPU.Build.0 = Release|Any CPU
	EndGlobalSection
	GlobalSection(SolutionProperties) = preSolution
		HideSolutionNode = FALSE
	EndGlobalSection
	GlobalSection(ExtensibilityGlobals) = postSolution
		SolutionGuid = {993B8038-E188-4861-B0A0-B4547C7BFB5A}
	EndGlobalSection
EndGlobal
